
Microsoft Visual Studio Solution File, Format Version 12.00
# Visual Studio 15
VisualStudioVersion = 15.0.26730.10
MinimumVisualStudioVersion = 10.0.40219.1
Project("{8BC9CEB8-8B4A-11D0-8D11-00A0C91BC942}") = "KafkaCppTest", "KafkaCppTest\KafkaCppTest.vcxproj", "{158BFEC2-F8FF-4F99-9DEF-AE0B0B831901}"
EndProject
Global
	GlobalSection(SolutionConfigurationPlatforms) = preSolution
		Debug|x64 = Debug|x64
		Debug|x86 = Debug|x86
		Release|x64 = Release|x64
		Release|x86 = Release|x86
	EndGlobalSection
	GlobalSection(ProjectConfigurationPlatforms) = postSolution
		{158BFEC2-F8FF-4F99-9DEF-AE0B0B831901}.Debug|x64.ActiveCfg = Debug|x64
		{158BFEC2-F8FF-4F99-9DEF-AE0B0B831901}.Debug|x64.Build.0 = Debug|x64
		{158BFEC2-F8FF-4F99-9DEF-AE0B0B831901}.Debug|x86.ActiveCfg = Debug|Win32
		{158BFEC2-F8FF-4F99-9DEF-AE0B0B831901}.Debug|x86.Build.0 = Debug|Win32
		{158BFEC2-F8FF-4F99-9DEF-AE0B0B831901}.Release|x64.ActiveCfg = Release|x64
		{158BFEC2-F8FF-4F99-9DEF-AE0B0B831901}.Release|x64.Build.0 = Release|x64
		{158BFEC2-F8FF-4F99-9DEF-AE0B0B831901}.Release|x86.ActiveCfg = Release|Win32
		{158BFEC2-F8FF-4F99-9DEF-AE0B0B831901}.Release|x86.Build.0 = Release|Win32
	EndGlobalSection
	GlobalSection(SolutionProperties) = preSolution
		HideSolutionNode = FALSE
	EndGlobalSection
	GlobalSection(ExtensibilityGlobals) = postSolution
		SolutionGuid = {FF3B1DFC-31C0-48D6-9EDE-ED2B62869B71}
	EndGlobalSection
EndGlobal
